
Microsoft Visual Studio Solution File, Format Version 12.00
# Visual Studio Version 17
VisualStudioVersion = 17.7.34221.43
MinimumVisualStudioVersion = 10.0.40219.1
Project("{FAE04EC0-301F-11D3-BF4B-00C04F79EFBC}") = "Library", "Library\Library.csproj", "{35476BE9-5C5E-404C-9B86-66D2DB679308}"
EndProject
Global
	GlobalSection(SolutionConfigurationPlatforms) = preSolution
		Debug|Any CPU = Debug|Any CPU
		Debug|ARM = Debug|ARM
		Debug|ARM64 = Debug|ARM64
		Debug|x64 = Debug|x64
		Debug|x86 = Debug|x86
		Release|Any CPU = Release|Any CPU
		Release|ARM = Release|ARM
		Release|ARM64 = Release|ARM64
		Release|x64 = Release|x64
		Release|x86 = Release|x86
	EndGlobalSection
	GlobalSection(ProjectConfigurationPlatforms) = postSolution
		{35476BE9-5C5E-404C-9B86-66D2DB679308}.Debug|Any CPU.ActiveCfg = Debug|Any CPU
		{35476BE9-5C5E-404C-9B86-66D2DB679308}.Debug|Any CPU.Build.0 = Debug|Any CPU
		{35476BE9-5C5E-404C-9B86-66D2DB679308}.Debug|ARM.ActiveCfg = Debug|ARM
		{35476BE9-5C5E-404C-9B86-66D2DB679308}.Debug|ARM.Build.0 = Debug|ARM
		{35476BE9-5C5E-404C-9B86-66D2DB679308}.Debug|ARM64.ActiveCfg = Debug|ARM64
		{35476BE9-5C5E-404C-9B86-66D2DB679308}.Debug|ARM64.Build.0 = Debug|ARM64
		{35476BE9-5C5E-404C-9B86-66D2DB679308}.Debug|x64.ActiveCfg = Debug|x64
		{35476BE9-5C5E-404C-9B86-66D2DB679308}.Debug|x64.Build.0 = Debug|x64
		{35476BE9-5C5E-404C-9B86-66D2DB679308}.Debug|x86.ActiveCfg = Debug|x86
		{35476BE9-5C5E-404C-9B86-66D2DB679308}.Debug|x86.Build.0 = Debug|x86
		{35476BE9-5C5E-404C-9B86-66D2DB679308}.Release|Any CPU.ActiveCfg = Release|Any CPU
		{35476BE9-5C5E-404C-9B86-66D2DB679308}.Release|Any CPU.Build.0 = Release|Any CPU
		{35476BE9-5C5E-404C-9B86-66D2DB679308}.Release|ARM.ActiveCfg = Release|ARM
		{35476BE9-5C5E-404C-9B86-66D2DB679308}.Release|ARM.Build.0 = Release|ARM
		{35476BE9-5C5E-404C-9B86-66D2DB679308}.Release|ARM64.ActiveCfg = Release|ARM64
		{35476BE9-5C5E-404C-9B86-66D2DB679308}.Release|ARM64.Build.0 = Release|ARM64
		{35476BE9-5C5E-404C-9B86-66D2DB679308}.Release|x64.ActiveCfg = Release|x64
		{35476BE9-5C5E-404C-9B86-66D2DB679308}.Release|x64.Build.0 = Release|x64
		{35476BE9-5C5E-404C-9B86-66D2DB679308}.Release|x86.ActiveCfg = Release|x86
		{35476BE9-5C5E-404C-9B86-66D2DB679308}.Release|x86.Build.0 = Release|x86
	EndGlobalSection
	GlobalSection(SolutionProperties) = preSolution
		HideSolutionNode = FALSE
	EndGlobalSection
	GlobalSection(ExtensibilityGlobals) = postSolution
		SolutionGuid = {DB717593-92D7-490C-A29A-95976B60D34B}
	EndGlobalSection
EndGlobal
